
Microsoft Visual Studio Solution File, Format Version 12.00
# Visual Studio Version 16
VisualStudioVersion = 16.0.33214.272
MinimumVisualStudioVersion = 10.0.40219.1
Project("{888888A0-9F3D-457C-B088-3A5042F75D52}") = "Python Lists Check W", "Python Lists Check W.pyproj", "{4D7DF827-D728-4778-B172-722D72DB61CF}"
EndProject
Global
	GlobalSection(SolutionConfigurationPlatforms) = preSolution
		Debug|Any CPU = Debug|Any CPU
		Release|Any CPU = Release|Any CPU
	EndGlobalSection
	GlobalSection(ProjectConfigurationPlatforms) = postSolution
		{4D7DF827-D728-4778-B172-722D72DB61CF}.Debug|Any CPU.ActiveCfg = Debug|Any CPU
		{4D7DF827-D728-4778-B172-722D72DB61CF}.Release|Any CPU.ActiveCfg = Release|Any CPU
	EndGlobalSection
	GlobalSection(SolutionProperties) = preSolution
		HideSolutionNode = FALSE
	EndGlobalSection
	GlobalSection(ExtensibilityGlobals) = postSolution
		SolutionGuid = {8D4112C3-08CE-4336-BC05-1C61392B90C7}
	EndGlobalSection
EndGlobal
